// !$*UTF8*$!
{
	archiveVersion = 1;
	classes = {
	};
	objectVersion = 46;
	objects = {

/* Begin PBXBuildFile section */
		4A049B671E7D92E7004EE1B1 /* AppDelegate.swift in Sources */ = {isa = PBXBuildFile; fileRef = 4A049B661E7D92E7004EE1B1 /* AppDelegate.swift */; };
		4A049B6C1E7D92E7004EE1B1 /* Main.storyboard in Resources */ = {isa = PBXBuildFile; fileRef = 4A049B6A1E7D92E7004EE1B1 /* Main.storyboard */; };
		4A049B6E1E7D92E7004EE1B1 /* Assets.xcassets in Resources */ = {isa = PBXBuildFile; fileRef = 4A049B6D1E7D92E7004EE1B1 /* Assets.xcassets */; };
		4A049B711E7D92E7004EE1B1 /* LaunchScreen.storyboard in Resources */ = {isa = PBXBuildFile; fileRef = 4A049B6F1E7D92E7004EE1B1 /* LaunchScreen.storyboard */; };
		4A049B7C1E7D92E8004EE1B1 /* ProjectTests.swift in Sources */ = {isa = PBXBuildFile; fileRef = 4A049B7B1E7D92E8004EE1B1 /* ProjectTests.swift */; };
		4A049B871E7D92E8004EE1B1 /* ProjectUITests.swift in Sources */ = {isa = PBXBuildFile; fileRef = 4A049B861E7D92E8004EE1B1 /* ProjectUITests.swift */; };
		4A18B61B1E7D9F6800EB8A46 /* OverviewMap.storyboard in Resources */ = {isa = PBXBuildFile; fileRef = 4A18B61A1E7D9F6800EB8A46 /* OverviewMap.storyboard */; };
		4A18B61D1E7DA00000EB8A46 /* Tablo.storyboard in Resources */ = {isa = PBXBuildFile; fileRef = 4A18B61C1E7DA00000EB8A46 /* Tablo.storyboard */; };
		4AA62B741E7E6FE2003F2276 /* OverviewMap.swift in Sources */ = {isa = PBXBuildFile; fileRef = 4AA62B731E7E6FE2003F2276 /* OverviewMap.swift */; };
		4AA62B761E7E7000003F2276 /* Tablo.swift in Sources */ = {isa = PBXBuildFile; fileRef = 4AA62B751E7E7000003F2276 /* Tablo.swift */; };
		4AA62B7E1E7EC2F5003F2276 /* CheingeData.swift in Sources */ = {isa = PBXBuildFile; fileRef = 4AA62B7D1E7EC2F5003F2276 /* CheingeData.swift */; };
		4AA62B811E7ECFBD003F2276 /* Lists.swift in Sources */ = {isa = PBXBuildFile; fileRef = 4AA62B7F1E7ECFBD003F2276 /* Lists.swift */; };
		4AA62B821E7ECFBD003F2276 /* ListsCell.xib in Resources */ = {isa = PBXBuildFile; fileRef = 4AA62B801E7ECFBD003F2276 /* ListsCell.xib */; };
		4AA62B8A1E7EE8F2003F2276 /* ListsCell.swift in Sources */ = {isa = PBXBuildFile; fileRef = 4AA62B881E7EE8F2003F2276 /* ListsCell.swift */; };
		4AA62B8B1E7EE8F2003F2276 /* ListsCellc.xib in Resources */ = {isa = PBXBuildFile; fileRef = 4AA62B891E7EE8F2003F2276 /* ListsCellc.xib */; };
/* End PBXBuildFile section */

/* Begin PBXContainerItemProxy section */
		4A049B781E7D92E8004EE1B1 /* PBXContainerItemProxy */ = {
			isa = PBXContainerItemProxy;
			containerPortal = 4A049B5B1E7D92E7004EE1B1 /* Project object */;
			proxyType = 1;
			remoteGlobalIDString = 4A049B621E7D92E7004EE1B1;
			remoteInfo = Project;
		};
		4A049B831E7D92E8004EE1B1 /* PBXContainerItemProxy */ = {
			isa = PBXContainerItemProxy;
			containerPortal = 4A049B5B1E7D92E7004EE1B1 /* Project object */;
			proxyType = 1;
			remoteGlobalIDString = 4A049B621E7D92E7004EE1B1;
			remoteInfo = Project;
		};
/* End PBXContainerItemProxy section */

/* Begin PBXFileReference section */
		4A049B631E7D92E7004EE1B1 /* Project.app */ = {isa = PBXFileReference; explicitFileType = wrapper.application; includeInIndex = 0; path = Project.app; sourceTree = BUILT_PRODUCTS_DIR; };
		4A049B661E7D92E7004EE1B1 /* AppDelegate.swift */ = {isa = PBXFileReference; lastKnownFileType = sourcecode.swift; path = AppDelegate.swift; sourceTree = "<group>"; };
		4A049B6B1E7D92E7004EE1B1 /* Base */ = {isa = PBXFileReference; lastKnownFileType = file.storyboard; name = Base; path = Base.lproj/Main.storyboard; sourceTree = "<group>"; };
		4A049B6D1E7D92E7004EE1B1 /* Assets.xcassets */ = {isa = PBXFileReference; lastKnownFileType = folder.assetcatalog; path = Assets.xcassets; sourceTree = "<group>"; };
		4A049B701E7D92E7004EE1B1 /* Base */ = {isa = PBXFileReference; lastKnownFileType = file.storyboard; name = Base; path = Base.lproj/LaunchScreen.storyboard; sourceTree = "<group>"; };
		4A049B721E7D92E7004EE1B1 /* Info.plist */ = {isa = PBXFileReference; lastKnownFileType = text.plist.xml; path = Info.plist; sourceTree = "<group>"; };
		4A049B771E7D92E8004EE1B1 /* ProjectTests.xctest */ = {isa = PBXFileReference; explicitFileType = wrapper.cfbundle; includeInIndex = 0; path = ProjectTests.xctest; sourceTree = BUILT_PRODUCTS_DIR; };
		4A049B7B1E7D92E8004EE1B1 /* ProjectTests.swift */ = {isa = PBXFileReference; lastKnownFileType = sourcecode.swift; path = ProjectTests.swift; sourceTree = "<group>"; };
		4A049B7D1E7D92E8004EE1B1 /* Info.plist */ = {isa = PBXFileReference; lastKnownFileType = text.plist.xml; path = Info.plist; sourceTree = "<group>"; };
		4A049B821E7D92E8004EE1B1 /* ProjectUITests.xctest */ = {isa = PBXFileReference; explicitFileType = wrapper.cfbundle; includeInIndex = 0; path = ProjectUITests.xctest; sourceTree = BUILT_PRODUCTS_DIR; };
		4A049B861E7D92E8004EE1B1 /* ProjectUITests.swift */ = {isa = PBXFileReference; lastKnownFileType = sourcecode.swift; path = ProjectUITests.swift; sourceTree = "<group>"; };
		4A049B881E7D92E8004EE1B1 /* Info.plist */ = {isa = PBXFileReference; lastKnownFileType = text.plist.xml; path = Info.plist; sourceTree = "<group>"; };
		4A18B61A1E7D9F6800EB8A46 /* OverviewMap.storyboard */ = {isa = PBXFileReference; fileEncoding = 4; lastKnownFileType = file.storyboard; path = OverviewMap.storyboard; sourceTree = "<group>"; };
		4A18B61C1E7DA00000EB8A46 /* Tablo.storyboard */ = {isa = PBXFileReference; fileEncoding = 4; lastKnownFileType = file.storyboard; path = Tablo.storyboard; sourceTree = "<group>"; };
		4AA62B731E7E6FE2003F2276 /* OverviewMap.swift */ = {isa = PBXFileReference; fileEncoding = 4; lastKnownFileType = sourcecode.swift; path = OverviewMap.swift; sourceTree = "<group>"; };
		4AA62B751E7E7000003F2276 /* Tablo.swift */ = {isa = PBXFileReference; fileEncoding = 4; lastKnownFileType = sourcecode.swift; path = Tablo.swift; sourceTree = "<group>"; };
		4AA62B7D1E7EC2F5003F2276 /* CheingeData.swift */ = {isa = PBXFileReference; fileEncoding = 4; lastKnownFileType = sourcecode.swift; path = CheingeData.swift; sourceTree = "<group>"; };
		4AA62B7F1E7ECFBD003F2276 /* Lists.swift */ = {isa = PBXFileReference; fileEncoding = 4; lastKnownFileType = sourcecode.swift; path = Lists.swift; sourceTree = "<group>"; };
		4AA62B801E7ECFBD003F2276 /* ListsCell.xib */ = {isa = PBXFileReference; fileEncoding = 4; lastKnownFileType = file.xib; path = ListsCell.xib; sourceTree = "<group>"; };
		4AA62B881E7EE8F2003F2276 /* ListsCell.swift */ = {isa = PBXFileReference; fileEncoding = 4; lastKnownFileType = sourcecode.swift; path = ListsCell.swift; sourceTree = "<group>"; };
		4AA62B891E7EE8F2003F2276 /* ListsCellc.xib */ = {isa = PBXFileReference; fileEncoding = 4; lastKnownFileType = file.xib; path = ListsCellc.xib; sourceTree = "<group>"; };
/* End PBXFileReference section */

/* Begin PBXFrameworksBuildPhase section */
		4A049B601E7D92E7004EE1B1 /* Frameworks */ = {
			isa = PBXFrameworksBuildPhase;
			buildActionMask = 2147483647;
			files = (
			);
			runOnlyForDeploymentPostprocessing = 0;
		};
		4A049B741E7D92E7004EE1B1 /* Frameworks */ = {
			isa = PBXFrameworksBuildPhase;
			buildActionMask = 2147483647;
			files = (
			);
			runOnlyForDeploymentPostprocessing = 0;
		};
		4A049B7F1E7D92E8004EE1B1 /* Frameworks */ = {
			isa = PBXFrameworksBuildPhase;
			buildActionMask = 2147483647;
			files = (
			);
			runOnlyForDeploymentPostprocessing = 0;
		};
/* End PBXFrameworksBuildPhase section */

/* Begin PBXGroup section */
		4A049B5A1E7D92E7004EE1B1 = {
			isa = PBXGroup;
			children = (
				4A049B651E7D92E7004EE1B1 /* Project */,
				4A049B7A1E7D92E8004EE1B1 /* ProjectTests */,
				4A049B851E7D92E8004EE1B1 /* ProjectUITests */,
				4A049B641E7D92E7004EE1B1 /* Products */,
			);
			sourceTree = "<group>";
		};
		4A049B641E7D92E7004EE1B1 /* Products */ = {
			isa = PBXGroup;
			children = (
				4A049B631E7D92E7004EE1B1 /* Project.app */,
				4A049B771E7D92E8004EE1B1 /* ProjectTests.xctest */,
				4A049B821E7D92E8004EE1B1 /* ProjectUITests.xctest */,
			);
			name = Products;
			sourceTree = "<group>";
		};
		4A049B651E7D92E7004EE1B1 /* Project */ = {
			isa = PBXGroup;
			children = (
				4A049B661E7D92E7004EE1B1 /* AppDelegate.swift */,
				4A049B971E7D938F004EE1B1 /* View */,
				4A049B951E7D938C004EE1B1 /* Controller */,
				4A049B961E7D938D004EE1B1 /* Model */,
				4A049B941E7D938A004EE1B1 /* Helpers */,
				4A049B981E7D93CE004EE1B1 /* Supporting Files */,
			);
			path = Project;
			sourceTree = "<group>";
		};
		4A049B7A1E7D92E8004EE1B1 /* ProjectTests */ = {
			isa = PBXGroup;
			children = (
				4A049B7B1E7D92E8004EE1B1 /* ProjectTests.swift */,
				4A049B7D1E7D92E8004EE1B1 /* Info.plist */,
			);
			path = ProjectTests;
			sourceTree = "<group>";
		};
		4A049B851E7D92E8004EE1B1 /* ProjectUITests */ = {
			isa = PBXGroup;
			children = (
				4A049B861E7D92E8004EE1B1 /* ProjectUITests.swift */,
				4A049B881E7D92E8004EE1B1 /* Info.plist */,
			);
			path = ProjectUITests;
			sourceTree = "<group>";
		};
		4A049B941E7D938A004EE1B1 /* Helpers */ = {
			isa = PBXGroup;
			children = (
			);
			name = Helpers;
			sourceTree = "<group>";
		};
		4A049B951E7D938C004EE1B1 /* Controller */ = {
			isa = PBXGroup;
			children = (
				4AA62B8C1E7EE9E1003F2276 /* Cell */,
				4AA62B731E7E6FE2003F2276 /* OverviewMap.swift */,
				4AA62B751E7E7000003F2276 /* Tablo.swift */,
				4AA62B7D1E7EC2F5003F2276 /* CheingeData.swift */,
				4AA62B7F1E7ECFBD003F2276 /* Lists.swift */,
			);
			name = Controller;
			sourceTree = "<group>";
		};
		4A049B961E7D938D004EE1B1 /* Model */ = {
			isa = PBXGroup;
			children = (
			);
			name = Model;
			sourceTree = "<group>";
		};
		4A049B971E7D938F004EE1B1 /* View */ = {
			isa = PBXGroup;
			children = (
				4AA62B831E7ECFC7003F2276 /* Xib */,
				4A049B991E7D93F5004EE1B1 /* Storyboard */,
			);
			name = View;
			sourceTree = "<group>";
		};
		4A049B981E7D93CE004EE1B1 /* Supporting Files */ = {
			isa = PBXGroup;
			children = (
				4A049B721E7D92E7004EE1B1 /* Info.plist */,
				4A049B6F1E7D92E7004EE1B1 /* LaunchScreen.storyboard */,
				4A049B6D1E7D92E7004EE1B1 /* Assets.xcassets */,
			);
			name = "Supporting Files";
			sourceTree = "<group>";
		};
		4A049B991E7D93F5004EE1B1 /* Storyboard */ = {
			isa = PBXGroup;
			children = (
				4A049B6A1E7D92E7004EE1B1 /* Main.storyboard */,
				4A18B61A1E7D9F6800EB8A46 /* OverviewMap.storyboard */,
				4A18B61C1E7DA00000EB8A46 /* Tablo.storyboard */,
			);
			name = Storyboard;
			sourceTree = "<group>";
		};
		4AA62B831E7ECFC7003F2276 /* Xib */ = {
			isa = PBXGroup;
			children = (
				4AA62B801E7ECFBD003F2276 /* ListsCell.xib */,
				4AA62B891E7EE8F2003F2276 /* ListsCellc.xib */,
			);
			name = Xib;
			sourceTree = "<group>";
		};
		4AA62B8C1E7EE9E1003F2276 /* Cell */ = {
			isa = PBXGroup;
			children = (
				4AA62B881E7EE8F2003F2276 /* ListsCell.swift */,
			);
			name = Cell;
			sourceTree = "<group>";
		};
/* End PBXGroup section */

/* Begin PBXNativeTarget section */
		4A049B621E7D92E7004EE1B1 /* Project */ = {
			isa = PBXNativeTarget;
			buildConfigurationList = 4A049B8B1E7D92E8004EE1B1 /* Build configuration list for PBXNativeTarget "Project" */;
			buildPhases = (
				4A049B5F1E7D92E7004EE1B1 /* Sources */,
				4A049B601E7D92E7004EE1B1 /* Frameworks */,
				4A049B611E7D92E7004EE1B1 /* Resources */,
			);
			buildRules = (
			);
			dependencies = (
			);
			name = Project;
			productName = Project;
			productReference = 4A049B631E7D92E7004EE1B1 /* Project.app */;
			productType = "com.apple.product-type.application";
		};
		4A049B761E7D92E7004EE1B1 /* ProjectTests */ = {
			isa = PBXNativeTarget;
			buildConfigurationList = 4A049B8E1E7D92E8004EE1B1 /* Build configuration list for PBXNativeTarget "ProjectTests" */;
			buildPhases = (
				4A049B731E7D92E7004EE1B1 /* Sources */,
				4A049B741E7D92E7004EE1B1 /* Frameworks */,
				4A049B751E7D92E7004EE1B1 /* Resources */,
			);
			buildRules = (
			);
			dependencies = (
				4A049B791E7D92E8004EE1B1 /* PBXTargetDependency */,
			);
			name = ProjectTests;
			productName = ProjectTests;
			productReference = 4A049B771E7D92E8004EE1B1 /* ProjectTests.xctest */;
			productType = "com.apple.product-type.bundle.unit-test";
		};
		4A049B811E7D92E8004EE1B1 /* ProjectUITests */ = {
			isa = PBXNativeTarget;
			buildConfigurationList = 4A049B911E7D92E8004EE1B1 /* Build configuration list for PBXNativeTarget "ProjectUITests" */;
			buildPhases = (
				4A049B7E1E7D92E8004EE1B1 /* Sources */,
				4A049B7F1E7D92E8004EE1B1 /* Frameworks */,
				4A049B801E7D92E8004EE1B1 /* Resources */,
			);
			buildRules = (
			);
			dependencies = (
				4A049B841E7D92E8004EE1B1 /* PBXTargetDependency */,
			);
			name = ProjectUITests;
			productName = ProjectUITests;
			productReference = 4A049B821E7D92E8004EE1B1 /* ProjectUITests.xctest */;
			productType = "com.apple.product-type.bundle.ui-testing";
		};
/* End PBXNativeTarget section */

/* Begin PBXProject section */
		4A049B5B1E7D92E7004EE1B1 /* Project object */ = {
			isa = PBXProject;
			attributes = {
				LastSwiftUpdateCheck = 0820;
				LastUpgradeCheck = 0820;
				ORGANIZATIONNAME = Test;
				TargetAttributes = {
					4A049B621E7D92E7004EE1B1 = {
						CreatedOnToolsVersion = 8.2.1;
						DevelopmentTeam = 5JYT4SC2DQ;
						ProvisioningStyle = Automatic;
					};
					4A049B761E7D92E7004EE1B1 = {
						CreatedOnToolsVersion = 8.2.1;
						DevelopmentTeam = 5JYT4SC2DQ;
						ProvisioningStyle = Automatic;
						TestTargetID = 4A049B621E7D92E7004EE1B1;
					};
					4A049B811E7D92E8004EE1B1 = {
						CreatedOnToolsVersion = 8.2.1;
						DevelopmentTeam = 5JYT4SC2DQ;
						ProvisioningStyle = Automatic;
						TestTargetID = 4A049B621E7D92E7004EE1B1;
					};
				};
			};
			buildConfigurationList = 4A049B5E1E7D92E7004EE1B1 /* Build configuration list for PBXProject "Project" */;
			compatibilityVersion = "Xcode 3.2";
			developmentRegion = English;
			hasScannedForEncodings = 0;
			knownRegions = (
				en,
				Base,
			);
			mainGroup = 4A049B5A1E7D92E7004EE1B1;
			productRefGroup = 4A049B641E7D92E7004EE1B1 /* Products */;
			projectDirPath = "";
			projectRoot = "";
			targets = (
				4A049B621E7D92E7004EE1B1 /* Project */,
				4A049B761E7D92E7004EE1B1 /* ProjectTests */,
				4A049B811E7D92E8004EE1B1 /* ProjectUITests */,
			);
		};
/* End PBXProject section */

/* Begin PBXResourcesBuildPhase section */
		4A049B611E7D92E7004EE1B1 /* Resources */ = {
			isa = PBXResourcesBuildPhase;
			buildActionMask = 2147483647;
			files = (
				4A049B711E7D92E7004EE1B1 /* LaunchScreen.storyboard in Resources */,
				4A049B6E1E7D92E7004EE1B1 /* Assets.xcassets in Resources */,
				4A18B61B1E7D9F6800EB8A46 /* OverviewMap.storyboard in Resources */,
				4AA62B821E7ECFBD003F2276 /* ListsCell.xib in Resources */,
				4AA62B8B1E7EE8F2003F2276 /* ListsCellc.xib in Resources */,
				4A049B6C1E7D92E7004EE1B1 /* Main.storyboard in Resources */,
				4A18B61D1E7DA00000EB8A46 /* Tablo.storyboard in Resources */,
			);
			runOnlyForDeploymentPostprocessing = 0;
		};
		4A049B751E7D92E7004EE1B1 /* Resources */ = {
			isa = PBXResourcesBuildPhase;
			buildActionMask = 2147483647;
			files = (
			);
			runOnlyForDeploymentPostprocessing = 0;
		};
		4A049B801E7D92E8004EE1B1 /* Resources */ = {
			isa = PBXResourcesBuildPhase;
			buildActionMask = 2147483647;
			files = (
			);
			runOnlyForDeploymentPostprocessing = 0;
		};
/* End PBXResourcesBuildPhase section */

/* Begin PBXSourcesBuildPhase section */
		4A049B5F1E7D92E7004EE1B1 /* Sources */ = {
			isa = PBXSourcesBuildPhase;
			buildActionMask = 2147483647;
			files = (
				4A049B671E7D92E7004EE1B1 /* AppDelegate.swift in Sources */,
				4AA62B7E1E7EC2F5003F2276 /* CheingeData.swift in Sources */,
				4AA62B741E7E6FE2003F2276 /* OverviewMap.swift in Sources */,
				4AA62B8A1E7EE8F2003F2276 /* ListsCell.swift in Sources */,
				4AA62B761E7E7000003F2276 /* Tablo.swift in Sources */,
				4AA62B811E7ECFBD003F2276 /* Lists.swift in Sources */,
			);
			runOnlyForDeploymentPostprocessing = 0;
		};
		4A049B731E7D92E7004EE1B1 /* Sources */ = {
			isa = PBXSourcesBuildPhase;
			buildActionMask = 2147483647;
			files = (
				4A049B7C1E7D92E8004EE1B1 /* ProjectTests.swift in Sources */,
			);
			runOnlyForDeploymentPostprocessing = 0;
		};
		4A049B7E1E7D92E8004EE1B1 /* Sources */ = {
			isa = PBXSourcesBuildPhase;
			buildActionMask = 2147483647;
			files = (
				4A049B871E7D92E8004EE1B1 /* ProjectUITests.swift in Sources */,
			);
			runOnlyForDeploymentPostprocessing = 0;
		};
/* End PBXSourcesBuildPhase section */

/* Begin PBXTargetDependency section */
		4A049B791E7D92E8004EE1B1 /* PBXTargetDependency */ = {
			isa = PBXTargetDependency;
			target = 4A049B621E7D92E7004EE1B1 /* Project */;
			targetProxy = 4A049B781E7D92E8004EE1B1 /* PBXContainerItemProxy */;
		};
		4A049B841E7D92E8004EE1B1 /* PBXTargetDependency */ = {
			isa = PBXTargetDependency;
			target = 4A049B621E7D92E7004EE1B1 /* Project */;
			targetProxy = 4A049B831E7D92E8004EE1B1 /* PBXContainerItemProxy */;
		};
/* End PBXTargetDependency section */

/* Begin PBXVariantGroup section */
		4A049B6A1E7D92E7004EE1B1 /* Main.storyboard */ = {
			isa = PBXVariantGroup;
			children = (
				4A049B6B1E7D92E7004EE1B1 /* Base */,
			);
			name = Main.storyboard;
			sourceTree = "<group>";
		};
		4A049B6F1E7D92E7004EE1B1 /* LaunchScreen.storyboard */ = {
			isa = PBXVariantGroup;
			children = (
				4A049B701E7D92E7004EE1B1 /* Base */,
			);
			name = LaunchScreen.storyboard;
			sourceTree = "<group>";
		};
/* End PBXVariantGroup section */

/* Begin XCBuildConfiguration section */
		4A049B891E7D92E8004EE1B1 /* Debug */ = {
			isa = XCBuildConfiguration;
			buildSettings = {
				ALWAYS_SEARCH_USER_PATHS = NO;
				CLANG_ANALYZER_NONNULL = YES;
				CLANG_CXX_LANGUAGE_STANDARD = "gnu++0x";
				CLANG_CXX_LIBRARY = "libc++";
				CLANG_ENABLE_MODULES = YES;
				CLANG_ENABLE_OBJC_ARC = YES;
				CLANG_WARN_BOOL_CONVERSION = YES;
				CLANG_WARN_CONSTANT_CONVERSION = YES;
				CLANG_WARN_DIRECT_OBJC_ISA_USAGE = YES_ERROR;
				CLANG_WARN_DOCUMENTATION_COMMENTS = YES;
				CLANG_WARN_EMPTY_BODY = YES;
				CLANG_WARN_ENUM_CONVERSION = YES;
				CLANG_WARN_INFINITE_RECURSION = YES;
				CLANG_WARN_INT_CONVERSION = YES;
				CLANG_WARN_OBJC_ROOT_CLASS = YES_ERROR;
				CLANG_WARN_SUSPICIOUS_MOVE = YES;
				CLANG_WARN_UNREACHABLE_CODE = YES;
				CLANG_WARN__DUPLICATE_METHOD_MATCH = YES;
				"CODE_SIGN_IDENTITY[sdk=iphoneos*]" = "iPhone Developer";
				COPY_PHASE_STRIP = NO;
				DEBUG_INFORMATION_FORMAT = dwarf;
				ENABLE_STRICT_OBJC_MSGSEND = YES;
				ENABLE_TESTABILITY = YES;
				GCC_C_LANGUAGE_STANDARD = gnu99;
				GCC_DYNAMIC_NO_PIC = NO;
				GCC_NO_COMMON_BLOCKS = YES;
				GCC_OPTIMIZATION_LEVEL = 0;
				GCC_PREPROCESSOR_DEFINITIONS = (
					"DEBUG=1",
					"$(inherited)",
				);
				GCC_WARN_64_TO_32_BIT_CONVERSION = YES;
				GCC_WARN_ABOUT_RETURN_TYPE = YES_ERROR;
				GCC_WARN_UNDECLARED_SELECTOR = YES;
				GCC_WARN_UNINITIALIZED_AUTOS = YES_AGGRESSIVE;
				GCC_WARN_UNUSED_FUNCTION = YES;
				GCC_WARN_UNUSED_VARIABLE = YES;
				IPHONEOS_DEPLOYMENT_TARGET = 10.2;
				MTL_ENABLE_DEBUG_INFO = YES;
				ONLY_ACTIVE_ARCH = YES;
				SDKROOT = iphoneos;
				SWIFT_ACTIVE_COMPILATION_CONDITIONS = DEBUG;
				SWIFT_OPTIMIZATION_LEVEL = "-Onone";
			};
			name = Debug;
		};
		4A049B8A1E7D92E8004EE1B1 /* Release */ = {
			isa = XCBuildConfiguration;
			buildSettings = {
				ALWAYS_SEARCH_USER_PATHS = NO;
				CLANG_ANALYZER_NONNULL = YES;
				CLANG_CXX_LANGUAGE_STANDARD = "gnu++0x";
				CLANG_CXX_LIBRARY = "libc++";
				CLANG_ENABLE_MODULES = YES;
				CLANG_ENABLE_OBJC_ARC = YES;
				CLANG_WARN_BOOL_CONVERSION = YES;
				CLANG_WARN_CONSTANT_CONVERSION = YES;
				CLANG_WARN_DIRECT_OBJC_ISA_USAGE = YES_ERROR;
				CLANG_WARN_DOCUMENTATION_COMMENTS = YES;
				CLANG_WARN_EMPTY_BODY = YES;
				CLANG_WARN_ENUM_CONVERSION = YES;
				CLANG_WARN_INFINITE_RECURSION = YES;
				CLANG_WARN_INT_CONVERSION = YES;
				CLANG_WARN_OBJC_ROOT_CLASS = YES_ERROR;
				CLANG_WARN_SUSPICIOUS_MOVE = YES;
				CLANG_WARN_UNREACHABLE_CODE = YES;
				CLANG_WARN__DUPLICATE_METHOD_MATCH = YES;
				"CODE_SIGN_IDENTITY[sdk=iphoneos*]" = "iPhone Developer";
				COPY_PHASE_STRIP = NO;
				DEBUG_INFORMATION_FORMAT = "dwarf-with-dsym";
				ENABLE_NS_ASSERTIONS = NO;
				ENABLE_STRICT_OBJC_MSGSEND = YES;
				GCC_C_LANGUAGE_STANDARD = gnu99;
				GCC_NO_COMMON_BLOCKS = YES;
				GCC_WARN_64_TO_32_BIT_CONVERSION = YES;
				GCC_WARN_ABOUT_RETURN_TYPE = YES_ERROR;
				GCC_WARN_UNDECLARED_SELECTOR = YES;
				GCC_WARN_UNINITIALIZED_AUTOS = YES_AGGRESSIVE;
				GCC_WARN_UNUSED_FUNCTION = YES;
				GCC_WARN_UNUSED_VARIABLE = YES;
				IPHONEOS_DEPLOYMENT_TARGET = 10.2;
				MTL_ENABLE_DEBUG_INFO = NO;
				SDKROOT = iphoneos;
				SWIFT_OPTIMIZATION_LEVEL = "-Owholemodule";
				VALIDATE_PRODUCT = YES;
			};
			name = Release;
		};
		4A049B8C1E7D92E8004EE1B1 /* Debug */ = {
			isa = XCBuildConfiguration;
			buildSettings = {
				ASSETCATALOG_COMPILER_APPICON_NAME = AppIcon;
				DEVELOPMENT_TEAM = 5JYT4SC2DQ;
				INFOPLIST_FILE = Project/Info.plist;
				LD_RUNPATH_SEARCH_PATHS = "$(inherited) @executable_path/Frameworks";
				PRODUCT_BUNDLE_IDENTIFIER = "Test-T.Project";
				PRODUCT_NAME = "$(TARGET_NAME)";
				SWIFT_VERSION = 3.0;
			};
			name = Debug;
		};
		4A049B8D1E7D92E8004EE1B1 /* Release */ = {
			isa = XCBuildConfiguration;
			buildSettings = {
				ASSETCATALOG_COMPILER_APPICON_NAME = AppIcon;
				DEVELOPMENT_TEAM = 5JYT4SC2DQ;
				INFOPLIST_FILE = Project/Info.plist;
				LD_RUNPATH_SEARCH_PATHS = "$(inherited) @executable_path/Frameworks";
				PRODUCT_BUNDLE_IDENTIFIER = "Test-T.Project";
				PRODUCT_NAME = "$(TARGET_NAME)";
				SWIFT_VERSION = 3.0;
			};
			name = Release;
		};
		4A049B8F1E7D92E8004EE1B1 /* Debug */ = {
			isa = XCBuildConfiguration;
			buildSettings = {
				ALWAYS_EMBED_SWIFT_STANDARD_LIBRARIES = YES;
				BUNDLE_LOADER = "$(TEST_HOST)";
				DEVELOPMENT_TEAM = 5JYT4SC2DQ;
				INFOPLIST_FILE = ProjectTests/Info.plist;
				LD_RUNPATH_SEARCH_PATHS = "$(inherited) @executable_path/Frameworks @loader_path/Frameworks";
				PRODUCT_BUNDLE_IDENTIFIER = "Test-T.ProjectTests";
				PRODUCT_NAME = "$(TARGET_NAME)";
				SWIFT_VERSION = 3.0;
				TEST_HOST = "$(BUILT_PRODUCTS_DIR)/Project.app/Project";
			};
			name = Debug;
		};
		4A049B901E7D92E8004EE1B1 /* Release */ = {
			isa = XCBuildConfiguration;
			buildSettings = {
				ALWAYS_EMBED_SWIFT_STANDARD_LIBRARIES = YES;
				BUNDLE_LOADER = "$(TEST_HOST)";
				DEVELOPMENT_TEAM = 5JYT4SC2DQ;
				INFOPLIST_FILE = ProjectTests/Info.plist;
				LD_RUNPATH_SEARCH_PATHS = "$(inherited) @executable_path/Frameworks @loader_path/Frameworks";
				PRODUCT_BUNDLE_IDENTIFIER = "Test-T.ProjectTests";
				PRODUCT_NAME = "$(TARGET_NAME)";
				SWIFT_VERSION = 3.0;
				TEST_HOST = "$(BUILT_PRODUCTS_DIR)/Project.app/Project";
			};
			name = Release;
		};
		4A049B921E7D92E8004EE1B1 /* Debug */ = {
			isa = XCBuildConfiguration;
			buildSettings = {
				ALWAYS_EMBED_SWIFT_STANDARD_LIBRARIES = YES;
				DEVELOPMENT_TEAM = 5JYT4SC2DQ;
				INFOPLIST_FILE = ProjectUITests/Info.plist;
				LD_RUNPATH_SEARCH_PATHS = "$(inherited) @executable_path/Frameworks @loader_path/Frameworks";
				PRODUCT_BUNDLE_IDENTIFIER = "Test-T.ProjectUITests";
				PRODUCT_NAME = "$(TARGET_NAME)";
				SWIFT_VERSION = 3.0;
				TEST_TARGET_NAME = Project;
			};
			name = Debug;
		};
		4A049B931E7D92E8004EE1B1 /* Release */ = {
			isa = XCBuildConfiguration;
			buildSettings = {
				ALWAYS_EMBED_SWIFT_STANDARD_LIBRARIES = YES;
				DEVELOPMENT_TEAM = 5JYT4SC2DQ;
				INFOPLIST_FILE = ProjectUITests/Info.plist;
				LD_RUNPATH_SEARCH_PATHS = "$(inherited) @executable_path/Frameworks @loader_path/Frameworks";
				PRODUCT_BUNDLE_IDENTIFIER = "Test-T.ProjectUITests";
				PRODUCT_NAME = "$(TARGET_NAME)";
				SWIFT_VERSION = 3.0;
				TEST_TARGET_NAME = Project;
			};
			name = Release;
		};
/* End XCBuildConfiguration section */

/* Begin XCConfigurationList section */
		4A049B5E1E7D92E7004EE1B1 /* Build configuration list for PBXProject "Project" */ = {
			isa = XCConfigurationList;
			buildConfigurations = (
				4A049B891E7D92E8004EE1B1 /* Debug */,
				4A049B8A1E7D92E8004EE1B1 /* Release */,
			);
			defaultConfigurationIsVisible = 0;
			defaultConfigurationName = Release;
		};
		4A049B8B1E7D92E8004EE1B1 /* Build configuration list for PBXNativeTarget "Project" */ = {
			isa = XCConfigurationList;
			buildConfigurations = (
				4A049B8C1E7D92E8004EE1B1 /* Debug */,
				4A049B8D1E7D92E8004EE1B1 /* Release */,
			);
			defaultConfigurationIsVisible = 0;
			defaultConfigurationName = Release;
		};
		4A049B8E1E7D92E8004EE1B1 /* Build configuration list for PBXNativeTarget "ProjectTests" */ = {
			isa = XCConfigurationList;
			buildConfigurations = (
				4A049B8F1E7D92E8004EE1B1 /* Debug */,
				4A049B901E7D92E8004EE1B1 /* Release */,
			);
			defaultConfigurationIsVisible = 0;
			defaultConfigurationName = Release;
		};
		4A049B911E7D92E8004EE1B1 /* Build configuration list for PBXNativeTarget "ProjectUITests" */ = {
			isa = XCConfigurationList;
			buildConfigurations = (
				4A049B921E7D92E8004EE1B1 /* Debug */,
				4A049B931E7D92E8004EE1B1 /* Release */,
			);
			defaultConfigurationIsVisible = 0;
			defaultConfigurationName = Release;
		};
/* End XCConfigurationList section */
	};
	rootObject = 4A049B5B1E7D92E7004EE1B1 /* Project object */;
}
